# Firebase
FIREBASE_API_KEY=YOUR_FIREBASE_API_KEY
FIREBASE_AUTH_DOMAIN=YOUR_FIREBASE_AUTH_DOMAIN
FIREBASE_PROJECT_ID=YOUR_FIREBASE_PROJECT_ID
FIREBASE_STORAGE_BUCKET=YOUR_FIREBASE_STORAGE_BUCKET
FIREBASE_MESSAGING_SENDER_ID=YOUR_FIREBASE_SENDER_ID
FIREBASE_APP_ID=YOUR_FIREBASE_APP_ID
FIREBASE_MEASUREMENT_ID=YOUR_FIREBASE_MEASUREMENT_ID

# Gemini API (Google AI)
GEMINI_API_KEY=YOUR_GEMINI_API_KEY

# Gmail OAuth
GOOGLE_CLIENT_ID=YOUR_GOOGLE_CLIENT_ID
GOOGLE_CLIENT_SECRET=YOUR_GOOGLE_CLIENT_SECRET
GOOGLE_REDIRECT_URI=http://localhost:3000/oauth2callback

# WhatsApp Business API (es. tramite Meta Cloud API o provider terzi)
WHATSAPP_API_URL=https://graph.facebook.com/v17.0
WHATSAPP_API_TOKEN=YOUR_WHATSAPP_API_TOKEN
WHATSAPP_PHONE_NUMBER_ID=YOUR_PHONE_NUMBER_ID
WHATSAPP_BUSINESS_ID=YOUR_BUSINESS_ID

# Firestore Admin SDK (path locale al file JSON del service account)
GOOGLE_APPLICATION_CREDENTIALS=./serviceAccountKey.json

# Altri moduli (opzionali)
OPENAI_API_KEY=YOUR_OPTIONAL_OPENAI_API_KEY
